# This file was autogenerated by Stack.
# You should not edit this file by hand.
# For more information, please see the documentation at:
#   https://docs.haskellstack.org/en/stable/lock_files

packages:
- completed:
    hackage: streaming-utils-0.2.4.0@sha256:d8186a813e423033198c71692644da0724e8c8ed93064e82419f322cb83110b4,4093
    pantry-tree:
      sha256: 55d3dcefa4e3d981aa65aa8e0e1a6f8572f4fcf2c9d13ca74a955243f1640743
      size: 623
  original:
    hackage: streaming-utils-0.2.4.0
snapshots:
- completed:
    sha256: 97710f56bf093fca0ee5d8dbe19d96b654c752e405b66795b4baedd84a794c60
    size: 640010
    url: https://raw.githubusercontent.com/commercialhaskell/stackage-snapshots/master/lts/21/3.yaml
  original: lts-21.3
